
Microsoft Visual Studio Solution File, Format Version 12.00
# Visual Studio Version 16
VisualStudioVersion = 16.0.28809.33
MinimumVisualStudioVersion = 10.0.40219.1
Project("{9A19103F-16F7-4668-BE54-9A1E7A4F7556}") = "SerialHandler", "SerialHandler\SerialHandler.csproj", "{FCFEB0F8-188A-4EAE-8EDB-8EB40DAC4026}"
EndProject
Project("{D954291E-2A0B-460D-934E-DC6B0785DB48}") = "SerialHandler.Demo.Shared", "SerialHandler.Demo.Shared\SerialHandler.Demo.Shared.shproj", "{7591A02A-9C0A-4A69-8E08-B313BD51B16B}"
EndProject
Project("{FAE04EC0-301F-11D3-BF4B-00C04F79EFBC}") = "SerialHandler.Demo.NET4", "SerialHandler.Demo.NET4\SerialHandler.Demo.NET4.csproj", "{944F31F0-4863-4B3F-B12B-740567E4F078}"
EndProject
Global
	GlobalSection(SharedMSBuildProjectFiles) = preSolution
		SerialHandler.Demo.Shared\SerialHandler.Demo.Shared.projitems*{7591a02a-9c0a-4a69-8e08-b313bd51b16b}*SharedItemsImports = 13
		SerialHandler.Demo.Shared\SerialHandler.Demo.Shared.projitems*{944f31f0-4863-4b3f-b12b-740567e4f078}*SharedItemsImports = 4
	EndGlobalSection
	GlobalSection(SolutionConfigurationPlatforms) = preSolution
		Debug|Any CPU = Debug|Any CPU
		Release|Any CPU = Release|Any CPU
	EndGlobalSection
	GlobalSection(ProjectConfigurationPlatforms) = postSolution
		{FCFEB0F8-188A-4EAE-8EDB-8EB40DAC4026}.Debug|Any CPU.ActiveCfg = Debug|Any CPU
		{FCFEB0F8-188A-4EAE-8EDB-8EB40DAC4026}.Debug|Any CPU.Build.0 = Debug|Any CPU
		{FCFEB0F8-188A-4EAE-8EDB-8EB40DAC4026}.Release|Any CPU.ActiveCfg = Release|Any CPU
		{FCFEB0F8-188A-4EAE-8EDB-8EB40DAC4026}.Release|Any CPU.Build.0 = Release|Any CPU
		{944F31F0-4863-4B3F-B12B-740567E4F078}.Debug|Any CPU.ActiveCfg = Debug|Any CPU
		{944F31F0-4863-4B3F-B12B-740567E4F078}.Debug|Any CPU.Build.0 = Debug|Any CPU
		{944F31F0-4863-4B3F-B12B-740567E4F078}.Release|Any CPU.ActiveCfg = Release|Any CPU
		{944F31F0-4863-4B3F-B12B-740567E4F078}.Release|Any CPU.Build.0 = Release|Any CPU
	EndGlobalSection
	GlobalSection(SolutionProperties) = preSolution
		HideSolutionNode = FALSE
	EndGlobalSection
	GlobalSection(ExtensibilityGlobals) = postSolution
		SolutionGuid = {A9A6387A-2FC9-4B5D-88EF-B0916AA9B410}
	EndGlobalSection
EndGlobal
